{
  "name": "paywaz-public-api",
  "version": "0.1.0",
  "lockfileVersion": 3,
  "requires": true,
  "packages": {
    "": {
      "name": "paywaz-public-api",
      "version": "0.1.0",
      "license": "SEE LICENSE IN paywaz-license",
      "devDependencies": {
        "@redocly/cli": "1.29.0"
      },
      "engines": {
        "node": ">=20.0.0"
      }
    },
    "node_modules/@redocly/cli": {
      "version": "1.29.0",
      "dev": true
    }
  }
}
